
Microsoft Visual Studio Solution File, Format Version 12.00
# Visual Studio Version 17
VisualStudioVersion = 17.9.34902.65
MinimumVisualStudioVersion = 10.0.40219.1
Project("{9A19103F-16F7-4668-BE54-9A1E7A4F7556}") = "PasswordGenerator", "PasswordGenerator\PasswordGenerator.csproj", "{66282D23-D2B1-4A3D-8ED3-BB292471E4B6}"
EndProject
Project("{FAE04EC0-301F-11D3-BF4B-00C04F79EFBC}") = "GeneratorTesting", "GeneratorTesting\GeneratorTesting.csproj", "{BBF07FC5-8554-43B4-8473-5704AE7F1263}"
EndProject
Global
	GlobalSection(SolutionConfigurationPlatforms) = preSolution
		Debug|Any CPU = Debug|Any CPU
		Release|Any CPU = Release|Any CPU
	EndGlobalSection
	GlobalSection(ProjectConfigurationPlatforms) = postSolution
		{66282D23-D2B1-4A3D-8ED3-BB292471E4B6}.Debug|Any CPU.ActiveCfg = Debug|Any CPU
		{66282D23-D2B1-4A3D-8ED3-BB292471E4B6}.Debug|Any CPU.Build.0 = Debug|Any CPU
		{66282D23-D2B1-4A3D-8ED3-BB292471E4B6}.Release|Any CPU.ActiveCfg = Release|Any CPU
		{66282D23-D2B1-4A3D-8ED3-BB292471E4B6}.Release|Any CPU.Build.0 = Release|Any CPU
		{BBF07FC5-8554-43B4-8473-5704AE7F1263}.Debug|Any CPU.ActiveCfg = Debug|Any CPU
		{BBF07FC5-8554-43B4-8473-5704AE7F1263}.Debug|Any CPU.Build.0 = Debug|Any CPU
		{BBF07FC5-8554-43B4-8473-5704AE7F1263}.Release|Any CPU.ActiveCfg = Release|Any CPU
		{BBF07FC5-8554-43B4-8473-5704AE7F1263}.Release|Any CPU.Build.0 = Release|Any CPU
	EndGlobalSection
	GlobalSection(SolutionProperties) = preSolution
		HideSolutionNode = FALSE
	EndGlobalSection
	GlobalSection(ExtensibilityGlobals) = postSolution
		SolutionGuid = {C4CBAC9C-1118-4931-9C05-DC602E3DF1CC}
	EndGlobalSection
EndGlobal
